
Microsoft Visual Studio Solution File, Format Version 12.00
# Visual Studio Version 16
VisualStudioVersion = 16.0.30611.23
MinimumVisualStudioVersion = 10.0.40219.1
Project("{FAE04EC0-301F-11D3-BF4B-00C04F79EFBC}") = "L06HW_01", "L06HW_01\L06HW_01.csproj", "{236BA81F-9E8B-4067-90FB-06D17C328451}"
EndProject
Project("{FAE04EC0-301F-11D3-BF4B-00C04F79EFBC}") = "L06HW_02", "L06HW_02\L06HW_02.csproj", "{71BAEAE6-FCEE-4BFD-8B60-55D5D99C4EA8}"
EndProject
Project("{FAE04EC0-301F-11D3-BF4B-00C04F79EFBC}") = "L06HW_03", "L06HW_03\L06HW_03.csproj", "{F1D0B6B5-19F7-4240-B074-8D6B301E2366}"
EndProject
Global
	GlobalSection(SolutionConfigurationPlatforms) = preSolution
		Debug|Any CPU = Debug|Any CPU
		Release|Any CPU = Release|Any CPU
	EndGlobalSection
	GlobalSection(ProjectConfigurationPlatforms) = postSolution
		{236BA81F-9E8B-4067-90FB-06D17C328451}.Debug|Any CPU.ActiveCfg = Debug|Any CPU
		{236BA81F-9E8B-4067-90FB-06D17C328451}.Debug|Any CPU.Build.0 = Debug|Any CPU
		{236BA81F-9E8B-4067-90FB-06D17C328451}.Release|Any CPU.ActiveCfg = Release|Any CPU
		{236BA81F-9E8B-4067-90FB-06D17C328451}.Release|Any CPU.Build.0 = Release|Any CPU
		{71BAEAE6-FCEE-4BFD-8B60-55D5D99C4EA8}.Debug|Any CPU.ActiveCfg = Debug|Any CPU
		{71BAEAE6-FCEE-4BFD-8B60-55D5D99C4EA8}.Debug|Any CPU.Build.0 = Debug|Any CPU
		{71BAEAE6-FCEE-4BFD-8B60-55D5D99C4EA8}.Release|Any CPU.ActiveCfg = Release|Any CPU
		{71BAEAE6-FCEE-4BFD-8B60-55D5D99C4EA8}.Release|Any CPU.Build.0 = Release|Any CPU
		{F1D0B6B5-19F7-4240-B074-8D6B301E2366}.Debug|Any CPU.ActiveCfg = Debug|Any CPU
		{F1D0B6B5-19F7-4240-B074-8D6B301E2366}.Debug|Any CPU.Build.0 = Debug|Any CPU
		{F1D0B6B5-19F7-4240-B074-8D6B301E2366}.Release|Any CPU.ActiveCfg = Release|Any CPU
		{F1D0B6B5-19F7-4240-B074-8D6B301E2366}.Release|Any CPU.Build.0 = Release|Any CPU
	EndGlobalSection
	GlobalSection(SolutionProperties) = preSolution
		HideSolutionNode = FALSE
	EndGlobalSection
	GlobalSection(ExtensibilityGlobals) = postSolution
		SolutionGuid = {02044F2D-1911-4EDE-83D6-C6A6A5593057}
	EndGlobalSection
EndGlobal
