
Microsoft Visual Studio Solution File, Format Version 12.00
# Visual Studio Version 16
VisualStudioVersion = 16.0.30611.23
MinimumVisualStudioVersion = 10.0.40219.1
Project("{FAE04EC0-301F-11D3-BF4B-00C04F79EFBC}") = "L02HW01", "L02HW01\L02HW01.csproj", "{C3B3B579-59C0-401D-932B-F66A54EB34F0}"
EndProject
Project("{FAE04EC0-301F-11D3-BF4B-00C04F79EFBC}") = "L02HW02", "L02HW02\L02HW02.csproj", "{2EA4852B-36C5-46D1-B7DC-948B7FC8BF29}"
EndProject
Project("{FAE04EC0-301F-11D3-BF4B-00C04F79EFBC}") = "L02HW03", "L02HW03\L02HW03.csproj", "{A1ABD08F-EE10-48D2-8A5C-B761515A20B0}"
EndProject
Project("{FAE04EC0-301F-11D3-BF4B-00C04F79EFBC}") = "L02HW04", "L02HW04\L02HW04.csproj", "{F4D2C87F-BA67-4D54-A5AF-ADD0D6681A2B}"
EndProject
Project("{FAE04EC0-301F-11D3-BF4B-00C04F79EFBC}") = "L02HW05", "L02HW05\L02HW05.csproj", "{2524F530-319A-4EAD-9025-54D3FC3D66DA}"
EndProject
Project("{FAE04EC0-301F-11D3-BF4B-00C04F79EFBC}") = "L02HW06", "L02HW06\L02HW06.csproj", "{860664A4-DDD3-48C4-90A4-967AF39936DF}"
EndProject
Project("{FAE04EC0-301F-11D3-BF4B-00C04F79EFBC}") = "L02HW07", "L02HW07\L02HW07.csproj", "{CF1AF98E-A662-4F00-A476-EABD873B4309}"
EndProject
Global
	GlobalSection(SolutionConfigurationPlatforms) = preSolution
		Debug|Any CPU = Debug|Any CPU
		Release|Any CPU = Release|Any CPU
	EndGlobalSection
	GlobalSection(ProjectConfigurationPlatforms) = postSolution
		{C3B3B579-59C0-401D-932B-F66A54EB34F0}.Debug|Any CPU.ActiveCfg = Debug|Any CPU
		{C3B3B579-59C0-401D-932B-F66A54EB34F0}.Debug|Any CPU.Build.0 = Debug|Any CPU
		{C3B3B579-59C0-401D-932B-F66A54EB34F0}.Release|Any CPU.ActiveCfg = Release|Any CPU
		{C3B3B579-59C0-401D-932B-F66A54EB34F0}.Release|Any CPU.Build.0 = Release|Any CPU
		{2EA4852B-36C5-46D1-B7DC-948B7FC8BF29}.Debug|Any CPU.ActiveCfg = Debug|Any CPU
		{2EA4852B-36C5-46D1-B7DC-948B7FC8BF29}.Debug|Any CPU.Build.0 = Debug|Any CPU
		{2EA4852B-36C5-46D1-B7DC-948B7FC8BF29}.Release|Any CPU.ActiveCfg = Release|Any CPU
		{2EA4852B-36C5-46D1-B7DC-948B7FC8BF29}.Release|Any CPU.Build.0 = Release|Any CPU
		{A1ABD08F-EE10-48D2-8A5C-B761515A20B0}.Debug|Any CPU.ActiveCfg = Debug|Any CPU
		{A1ABD08F-EE10-48D2-8A5C-B761515A20B0}.Debug|Any CPU.Build.0 = Debug|Any CPU
		{A1ABD08F-EE10-48D2-8A5C-B761515A20B0}.Release|Any CPU.ActiveCfg = Release|Any CPU
		{A1ABD08F-EE10-48D2-8A5C-B761515A20B0}.Release|Any CPU.Build.0 = Release|Any CPU
		{F4D2C87F-BA67-4D54-A5AF-ADD0D6681A2B}.Debug|Any CPU.ActiveCfg = Debug|Any CPU
		{F4D2C87F-BA67-4D54-A5AF-ADD0D6681A2B}.Debug|Any CPU.Build.0 = Debug|Any CPU
		{F4D2C87F-BA67-4D54-A5AF-ADD0D6681A2B}.Release|Any CPU.ActiveCfg = Release|Any CPU
		{F4D2C87F-BA67-4D54-A5AF-ADD0D6681A2B}.Release|Any CPU.Build.0 = Release|Any CPU
		{2524F530-319A-4EAD-9025-54D3FC3D66DA}.Debug|Any CPU.ActiveCfg = Debug|Any CPU
		{2524F530-319A-4EAD-9025-54D3FC3D66DA}.Debug|Any CPU.Build.0 = Debug|Any CPU
		{2524F530-319A-4EAD-9025-54D3FC3D66DA}.Release|Any CPU.ActiveCfg = Release|Any CPU
		{2524F530-319A-4EAD-9025-54D3FC3D66DA}.Release|Any CPU.Build.0 = Release|Any CPU
		{860664A4-DDD3-48C4-90A4-967AF39936DF}.Debug|Any CPU.ActiveCfg = Debug|Any CPU
		{860664A4-DDD3-48C4-90A4-967AF39936DF}.Debug|Any CPU.Build.0 = Debug|Any CPU
		{860664A4-DDD3-48C4-90A4-967AF39936DF}.Release|Any CPU.ActiveCfg = Release|Any CPU
		{860664A4-DDD3-48C4-90A4-967AF39936DF}.Release|Any CPU.Build.0 = Release|Any CPU
		{CF1AF98E-A662-4F00-A476-EABD873B4309}.Debug|Any CPU.ActiveCfg = Debug|Any CPU
		{CF1AF98E-A662-4F00-A476-EABD873B4309}.Debug|Any CPU.Build.0 = Debug|Any CPU
		{CF1AF98E-A662-4F00-A476-EABD873B4309}.Release|Any CPU.ActiveCfg = Release|Any CPU
		{CF1AF98E-A662-4F00-A476-EABD873B4309}.Release|Any CPU.Build.0 = Release|Any CPU
	EndGlobalSection
	GlobalSection(SolutionProperties) = preSolution
		HideSolutionNode = FALSE
	EndGlobalSection
	GlobalSection(ExtensibilityGlobals) = postSolution
		SolutionGuid = {02044F2D-1911-4EDE-83D6-C6A6A5593057}
	EndGlobalSection
EndGlobal
