
Microsoft Visual Studio Solution File, Format Version 12.00
# Visual Studio Version 16
VisualStudioVersion = 16.0.30611.23
MinimumVisualStudioVersion = 10.0.40219.1
Project("{FAE04EC0-301F-11D3-BF4B-00C04F79EFBC}") = "L04HW_01", "L04HW_01\L04HW_01.csproj", "{9E221ADF-DA17-4CC6-8C8C-4E9414C90291}"
EndProject
Project("{FAE04EC0-301F-11D3-BF4B-00C04F79EFBC}") = "L04HW_02", "L04HW_02\L04HW_02.csproj", "{CDA65BB9-DE47-4B59-A3FD-A95B14A0C745}"
EndProject
Project("{FAE04EC0-301F-11D3-BF4B-00C04F79EFBC}") = "L04HW_03", "L04HW_03\L04HW_03.csproj", "{71C10B25-3647-45F9-8E91-5EC4471A0BB5}"
EndProject
Project("{FAE04EC0-301F-11D3-BF4B-00C04F79EFBC}") = "L04HW_04", "L04HW_04\L04HW_04.csproj", "{E4183D2A-BB6B-4764-BC13-7543EFBED81C}"
EndProject
Global
	GlobalSection(SolutionConfigurationPlatforms) = preSolution
		Debug|Any CPU = Debug|Any CPU
		Release|Any CPU = Release|Any CPU
	EndGlobalSection
	GlobalSection(ProjectConfigurationPlatforms) = postSolution
		{9E221ADF-DA17-4CC6-8C8C-4E9414C90291}.Debug|Any CPU.ActiveCfg = Debug|Any CPU
		{9E221ADF-DA17-4CC6-8C8C-4E9414C90291}.Debug|Any CPU.Build.0 = Debug|Any CPU
		{9E221ADF-DA17-4CC6-8C8C-4E9414C90291}.Release|Any CPU.ActiveCfg = Release|Any CPU
		{9E221ADF-DA17-4CC6-8C8C-4E9414C90291}.Release|Any CPU.Build.0 = Release|Any CPU
		{CDA65BB9-DE47-4B59-A3FD-A95B14A0C745}.Debug|Any CPU.ActiveCfg = Debug|Any CPU
		{CDA65BB9-DE47-4B59-A3FD-A95B14A0C745}.Debug|Any CPU.Build.0 = Debug|Any CPU
		{CDA65BB9-DE47-4B59-A3FD-A95B14A0C745}.Release|Any CPU.ActiveCfg = Release|Any CPU
		{CDA65BB9-DE47-4B59-A3FD-A95B14A0C745}.Release|Any CPU.Build.0 = Release|Any CPU
		{71C10B25-3647-45F9-8E91-5EC4471A0BB5}.Debug|Any CPU.ActiveCfg = Debug|Any CPU
		{71C10B25-3647-45F9-8E91-5EC4471A0BB5}.Debug|Any CPU.Build.0 = Debug|Any CPU
		{71C10B25-3647-45F9-8E91-5EC4471A0BB5}.Release|Any CPU.ActiveCfg = Release|Any CPU
		{71C10B25-3647-45F9-8E91-5EC4471A0BB5}.Release|Any CPU.Build.0 = Release|Any CPU
		{E4183D2A-BB6B-4764-BC13-7543EFBED81C}.Debug|Any CPU.ActiveCfg = Debug|Any CPU
		{E4183D2A-BB6B-4764-BC13-7543EFBED81C}.Debug|Any CPU.Build.0 = Debug|Any CPU
		{E4183D2A-BB6B-4764-BC13-7543EFBED81C}.Release|Any CPU.ActiveCfg = Release|Any CPU
		{E4183D2A-BB6B-4764-BC13-7543EFBED81C}.Release|Any CPU.Build.0 = Release|Any CPU
	EndGlobalSection
	GlobalSection(SolutionProperties) = preSolution
		HideSolutionNode = FALSE
	EndGlobalSection
	GlobalSection(ExtensibilityGlobals) = postSolution
		SolutionGuid = {02044F2D-1911-4EDE-83D6-C6A6A5593057}
	EndGlobalSection
EndGlobal
